
Microsoft Visual Studio Solution File, Format Version 12.00
# Visual Studio Version 16
VisualStudioVersion = 16.0.30011.22
MinimumVisualStudioVersion = 10.0.40219.1
Project("{FAE04EC0-301F-11D3-BF4B-00C04F79EFBC}") = "intel-8086-symulator", "intel-8086-symulator.csproj", "{D2D5440F-B644-4A50-B6A3-613840313543}"
EndProject
Global
	GlobalSection(SolutionConfigurationPlatforms) = preSolution
		Debug|Any CPU = Debug|Any CPU
		Release|Any CPU = Release|Any CPU
	EndGlobalSection
	GlobalSection(ProjectConfigurationPlatforms) = postSolution
		{D2D5440F-B644-4A50-B6A3-613840313543}.Debug|Any CPU.ActiveCfg = Debug|Any CPU
		{D2D5440F-B644-4A50-B6A3-613840313543}.Debug|Any CPU.Build.0 = Debug|Any CPU
		{D2D5440F-B644-4A50-B6A3-613840313543}.Release|Any CPU.ActiveCfg = Release|Any CPU
		{D2D5440F-B644-4A50-B6A3-613840313543}.Release|Any CPU.Build.0 = Release|Any CPU
	EndGlobalSection
	GlobalSection(SolutionProperties) = preSolution
		HideSolutionNode = FALSE
	EndGlobalSection
	GlobalSection(ExtensibilityGlobals) = postSolution
		SolutionGuid = {5D8A1625-706A-456C-84DD-1FE56AF888B6}
	EndGlobalSection
EndGlobal
